
Microsoft Visual Studio Solution File, Format Version 12.00
# Visual Studio Version 16
VisualStudioVersion = 16.0.31129.286
MinimumVisualStudioVersion = 10.0.40219.1
Project("{FAE04EC0-301F-11D3-BF4B-00C04F79EFBC}") = "EnumeracaoComposicao", "EnumeracaoComposicao\EnumeracaoComposicao.csproj", "{35525984-A9B0-4FFA-9622-2526CAF52BE6}"
EndProject
Project("{FAE04EC0-301F-11D3-BF4B-00C04F79EFBC}") = "Composicao1", "Composicao1\Composicao1.csproj", "{006D1701-52AA-41FF-B262-4D8D40336E1A}"
EndProject
Project("{FAE04EC0-301F-11D3-BF4B-00C04F79EFBC}") = "Composicao2", "Composicao2\Composicao2.csproj", "{0C2D5561-746E-437F-A615-054179706DF9}"
EndProject
Project("{FAE04EC0-301F-11D3-BF4B-00C04F79EFBC}") = "Heranca", "Heranca\Heranca.csproj", "{D93FBBE1-E472-452A-BB6F-875D4C4065B7}"
EndProject
Project("{FAE04EC0-301F-11D3-BF4B-00C04F79EFBC}") = "UpcastingAndDowncasting", "UpcastingAndDowncasting\UpcastingAndDowncasting.csproj", "{7510BE05-FE4A-4A54-B552-FB7F8EE92E5D}"
EndProject
Project("{FAE04EC0-301F-11D3-BF4B-00C04F79EFBC}") = "SobreposicaoVirtualOverride", "SobreposicaoVirtualOverride\SobreposicaoVirtualOverride.csproj", "{E5238CFF-D28B-4EFF-A53B-9722B04D9AE7}"
EndProject
Project("{FAE04EC0-301F-11D3-BF4B-00C04F79EFBC}") = "SobreposicaoBase", "SobreposicaoBase\SobreposicaoBase.csproj", "{9265D3E9-361E-4C6D-AB9A-1EDE2B71CA41}"
EndProject
Project("{FAE04EC0-301F-11D3-BF4B-00C04F79EFBC}") = "ClassesEMetodosSelados", "ClassesEMetodosSelados\ClassesEMetodosSelados.csproj", "{7E850671-B9DB-4D6A-AAAB-0A014B351287}"
EndProject
Project("{FAE04EC0-301F-11D3-BF4B-00C04F79EFBC}") = "Polimorfismo_Heranca1", "Polimorfismo_Heranca1\Polimorfismo_Heranca1.csproj", "{F1B9DF0D-C60B-4723-86E2-A40986F96ADC}"
EndProject
Project("{FAE04EC0-301F-11D3-BF4B-00C04F79EFBC}") = "Polimorfismo_Heranca2", "Polimorfismo_Heranca2\Polimorfismo_Heranca2.csproj", "{9519A444-F605-426F-B55F-126CFD7834EF}"
EndProject
Project("{FAE04EC0-301F-11D3-BF4B-00C04F79EFBC}") = "Heranca2", "Heranca2\Heranca2.csproj", "{F1424499-AF89-46B1-AB09-638B425A9889}"
EndProject
Project("{FAE04EC0-301F-11D3-BF4B-00C04F79EFBC}") = "ClassesAbstratas", "ClassesAbstratas\ClassesAbstratas.csproj", "{88A333DF-5ABE-41DC-8AD3-52F3A9FD6BFD}"
EndProject
Project("{FAE04EC0-301F-11D3-BF4B-00C04F79EFBC}") = "ClassesEMetodosAbstratos", "ClassesEMetodosAbstratos\ClassesEMetodosAbstratos.csproj", "{8B0CE370-8149-4237-9C75-2EF9AAB51414}"
EndProject
Project("{FAE04EC0-301F-11D3-BF4B-00C04F79EFBC}") = "ExcecoesPersonalizadas", "ExcecoesPersonalizadas\ExcecoesPersonalizadas.csproj", "{8F3F552E-E82D-4D9C-89CC-B9DA5A178172}"
EndProject
Project("{FAE04EC0-301F-11D3-BF4B-00C04F79EFBC}") = "Excessoes", "Excessoes\Excessoes.csproj", "{AD9A167F-CC7F-479F-8D90-C5757268D10C}"
EndProject
Project("{FAE04EC0-301F-11D3-BF4B-00C04F79EFBC}") = "File_FileInfo_IOException", "File_FileInfo_IOException\File_FileInfo_IOException.csproj", "{A90262A4-BBD1-443E-8209-F5EE4D26C200}"
EndProject
Project("{FAE04EC0-301F-11D3-BF4B-00C04F79EFBC}") = "FileStreamStreamReaderV1", "FileStreamStreamReaderV1\FileStreamStreamReaderV1.csproj", "{29E5FE9F-871A-4DC5-B03F-7C0DCECC6B2B}"
EndProject
Project("{FAE04EC0-301F-11D3-BF4B-00C04F79EFBC}") = "FileStream_StreamReader_v2", "FileStream_StreamReader_v2\FileStream_StreamReader_v2.csproj", "{1EE23514-AADB-481E-AC28-6A26729F1DC4}"
EndProject
Global
	GlobalSection(SolutionConfigurationPlatforms) = preSolution
		Debug|Any CPU = Debug|Any CPU
		Release|Any CPU = Release|Any CPU
	EndGlobalSection
	GlobalSection(ProjectConfigurationPlatforms) = postSolution
		{35525984-A9B0-4FFA-9622-2526CAF52BE6}.Debug|Any CPU.ActiveCfg = Debug|Any CPU
		{35525984-A9B0-4FFA-9622-2526CAF52BE6}.Debug|Any CPU.Build.0 = Debug|Any CPU
		{35525984-A9B0-4FFA-9622-2526CAF52BE6}.Release|Any CPU.ActiveCfg = Release|Any CPU
		{35525984-A9B0-4FFA-9622-2526CAF52BE6}.Release|Any CPU.Build.0 = Release|Any CPU
		{006D1701-52AA-41FF-B262-4D8D40336E1A}.Debug|Any CPU.ActiveCfg = Debug|Any CPU
		{006D1701-52AA-41FF-B262-4D8D40336E1A}.Debug|Any CPU.Build.0 = Debug|Any CPU
		{006D1701-52AA-41FF-B262-4D8D40336E1A}.Release|Any CPU.ActiveCfg = Release|Any CPU
		{006D1701-52AA-41FF-B262-4D8D40336E1A}.Release|Any CPU.Build.0 = Release|Any CPU
		{0C2D5561-746E-437F-A615-054179706DF9}.Debug|Any CPU.ActiveCfg = Debug|Any CPU
		{0C2D5561-746E-437F-A615-054179706DF9}.Debug|Any CPU.Build.0 = Debug|Any CPU
		{0C2D5561-746E-437F-A615-054179706DF9}.Release|Any CPU.ActiveCfg = Release|Any CPU
		{0C2D5561-746E-437F-A615-054179706DF9}.Release|Any CPU.Build.0 = Release|Any CPU
		{D93FBBE1-E472-452A-BB6F-875D4C4065B7}.Debug|Any CPU.ActiveCfg = Debug|Any CPU
		{D93FBBE1-E472-452A-BB6F-875D4C4065B7}.Debug|Any CPU.Build.0 = Debug|Any CPU
		{D93FBBE1-E472-452A-BB6F-875D4C4065B7}.Release|Any CPU.ActiveCfg = Release|Any CPU
		{D93FBBE1-E472-452A-BB6F-875D4C4065B7}.Release|Any CPU.Build.0 = Release|Any CPU
		{7510BE05-FE4A-4A54-B552-FB7F8EE92E5D}.Debug|Any CPU.ActiveCfg = Debug|Any CPU
		{7510BE05-FE4A-4A54-B552-FB7F8EE92E5D}.Debug|Any CPU.Build.0 = Debug|Any CPU
		{7510BE05-FE4A-4A54-B552-FB7F8EE92E5D}.Release|Any CPU.ActiveCfg = Release|Any CPU
		{7510BE05-FE4A-4A54-B552-FB7F8EE92E5D}.Release|Any CPU.Build.0 = Release|Any CPU
		{E5238CFF-D28B-4EFF-A53B-9722B04D9AE7}.Debug|Any CPU.ActiveCfg = Debug|Any CPU
		{E5238CFF-D28B-4EFF-A53B-9722B04D9AE7}.Debug|Any CPU.Build.0 = Debug|Any CPU
		{E5238CFF-D28B-4EFF-A53B-9722B04D9AE7}.Release|Any CPU.ActiveCfg = Release|Any CPU
		{E5238CFF-D28B-4EFF-A53B-9722B04D9AE7}.Release|Any CPU.Build.0 = Release|Any CPU
		{9265D3E9-361E-4C6D-AB9A-1EDE2B71CA41}.Debug|Any CPU.ActiveCfg = Debug|Any CPU
		{9265D3E9-361E-4C6D-AB9A-1EDE2B71CA41}.Debug|Any CPU.Build.0 = Debug|Any CPU
		{9265D3E9-361E-4C6D-AB9A-1EDE2B71CA41}.Release|Any CPU.ActiveCfg = Release|Any CPU
		{9265D3E9-361E-4C6D-AB9A-1EDE2B71CA41}.Release|Any CPU.Build.0 = Release|Any CPU
		{7E850671-B9DB-4D6A-AAAB-0A014B351287}.Debug|Any CPU.ActiveCfg = Debug|Any CPU
		{7E850671-B9DB-4D6A-AAAB-0A014B351287}.Debug|Any CPU.Build.0 = Debug|Any CPU
		{7E850671-B9DB-4D6A-AAAB-0A014B351287}.Release|Any CPU.ActiveCfg = Release|Any CPU
		{7E850671-B9DB-4D6A-AAAB-0A014B351287}.Release|Any CPU.Build.0 = Release|Any CPU
		{F1B9DF0D-C60B-4723-86E2-A40986F96ADC}.Debug|Any CPU.ActiveCfg = Debug|Any CPU
		{F1B9DF0D-C60B-4723-86E2-A40986F96ADC}.Debug|Any CPU.Build.0 = Debug|Any CPU
		{F1B9DF0D-C60B-4723-86E2-A40986F96ADC}.Release|Any CPU.ActiveCfg = Release|Any CPU
		{F1B9DF0D-C60B-4723-86E2-A40986F96ADC}.Release|Any CPU.Build.0 = Release|Any CPU
		{9519A444-F605-426F-B55F-126CFD7834EF}.Debug|Any CPU.ActiveCfg = Debug|Any CPU
		{9519A444-F605-426F-B55F-126CFD7834EF}.Debug|Any CPU.Build.0 = Debug|Any CPU
		{9519A444-F605-426F-B55F-126CFD7834EF}.Release|Any CPU.ActiveCfg = Release|Any CPU
		{9519A444-F605-426F-B55F-126CFD7834EF}.Release|Any CPU.Build.0 = Release|Any CPU
		{F1424499-AF89-46B1-AB09-638B425A9889}.Debug|Any CPU.ActiveCfg = Debug|Any CPU
		{F1424499-AF89-46B1-AB09-638B425A9889}.Debug|Any CPU.Build.0 = Debug|Any CPU
		{F1424499-AF89-46B1-AB09-638B425A9889}.Release|Any CPU.ActiveCfg = Release|Any CPU
		{F1424499-AF89-46B1-AB09-638B425A9889}.Release|Any CPU.Build.0 = Release|Any CPU
		{88A333DF-5ABE-41DC-8AD3-52F3A9FD6BFD}.Debug|Any CPU.ActiveCfg = Debug|Any CPU
		{88A333DF-5ABE-41DC-8AD3-52F3A9FD6BFD}.Debug|Any CPU.Build.0 = Debug|Any CPU
		{88A333DF-5ABE-41DC-8AD3-52F3A9FD6BFD}.Release|Any CPU.ActiveCfg = Release|Any CPU
		{88A333DF-5ABE-41DC-8AD3-52F3A9FD6BFD}.Release|Any CPU.Build.0 = Release|Any CPU
		{8B0CE370-8149-4237-9C75-2EF9AAB51414}.Debug|Any CPU.ActiveCfg = Debug|Any CPU
		{8B0CE370-8149-4237-9C75-2EF9AAB51414}.Debug|Any CPU.Build.0 = Debug|Any CPU
		{8B0CE370-8149-4237-9C75-2EF9AAB51414}.Release|Any CPU.ActiveCfg = Release|Any CPU
		{8B0CE370-8149-4237-9C75-2EF9AAB51414}.Release|Any CPU.Build.0 = Release|Any CPU
		{8F3F552E-E82D-4D9C-89CC-B9DA5A178172}.Debug|Any CPU.ActiveCfg = Debug|Any CPU
		{8F3F552E-E82D-4D9C-89CC-B9DA5A178172}.Debug|Any CPU.Build.0 = Debug|Any CPU
		{8F3F552E-E82D-4D9C-89CC-B9DA5A178172}.Release|Any CPU.ActiveCfg = Release|Any CPU
		{8F3F552E-E82D-4D9C-89CC-B9DA5A178172}.Release|Any CPU.Build.0 = Release|Any CPU
		{AD9A167F-CC7F-479F-8D90-C5757268D10C}.Debug|Any CPU.ActiveCfg = Debug|Any CPU
		{AD9A167F-CC7F-479F-8D90-C5757268D10C}.Debug|Any CPU.Build.0 = Debug|Any CPU
		{AD9A167F-CC7F-479F-8D90-C5757268D10C}.Release|Any CPU.ActiveCfg = Release|Any CPU
		{AD9A167F-CC7F-479F-8D90-C5757268D10C}.Release|Any CPU.Build.0 = Release|Any CPU
		{A90262A4-BBD1-443E-8209-F5EE4D26C200}.Debug|Any CPU.ActiveCfg = Debug|Any CPU
		{A90262A4-BBD1-443E-8209-F5EE4D26C200}.Debug|Any CPU.Build.0 = Debug|Any CPU
		{A90262A4-BBD1-443E-8209-F5EE4D26C200}.Release|Any CPU.ActiveCfg = Release|Any CPU
		{A90262A4-BBD1-443E-8209-F5EE4D26C200}.Release|Any CPU.Build.0 = Release|Any CPU
		{29E5FE9F-871A-4DC5-B03F-7C0DCECC6B2B}.Debug|Any CPU.ActiveCfg = Debug|Any CPU
		{29E5FE9F-871A-4DC5-B03F-7C0DCECC6B2B}.Debug|Any CPU.Build.0 = Debug|Any CPU
		{29E5FE9F-871A-4DC5-B03F-7C0DCECC6B2B}.Release|Any CPU.ActiveCfg = Release|Any CPU
		{29E5FE9F-871A-4DC5-B03F-7C0DCECC6B2B}.Release|Any CPU.Build.0 = Release|Any CPU
		{1EE23514-AADB-481E-AC28-6A26729F1DC4}.Debug|Any CPU.ActiveCfg = Debug|Any CPU
		{1EE23514-AADB-481E-AC28-6A26729F1DC4}.Debug|Any CPU.Build.0 = Debug|Any CPU
		{1EE23514-AADB-481E-AC28-6A26729F1DC4}.Release|Any CPU.ActiveCfg = Release|Any CPU
		{1EE23514-AADB-481E-AC28-6A26729F1DC4}.Release|Any CPU.Build.0 = Release|Any CPU
	EndGlobalSection
	GlobalSection(SolutionProperties) = preSolution
		HideSolutionNode = FALSE
	EndGlobalSection
	GlobalSection(ExtensibilityGlobals) = postSolution
		SolutionGuid = {AB5AC1C7-44A1-4B4E-A9F9-B05294B67626}
	EndGlobalSection
EndGlobal
